{
  "requires": true,
  "lockfileVersion": 1,
  "dependencies": {
    "animate.css": {
      "version": "3.7.0",
      "resolved": "https://registry.npmjs.org/animate.css/-/animate.css-3.7.0.tgz",
      "integrity": "sha512-u3iMXDJr0cxMdQocIciDiou9Au4L5f9uT+/jCtprw3s1j3HcfCuI+khF+90Ps2KdsEhM2soF7SXB4WUvI3HlXg=="
    },
    "awesome-bootstrap-checkbox": {
      "version": "1.0.1",
      "resolved": "https://registry.npmjs.org/awesome-bootstrap-checkbox/-/awesome-bootstrap-checkbox-1.0.1.tgz",
      "integrity": "sha1-2rEBRrYAESmrCg7B5Uu3fGwwRXo="
    },
    "canvas-nest.js": {
      "version": "2.0.4",
      "resolved": "https://registry.npmjs.org/canvas-nest.js/-/canvas-nest.js-2.0.4.tgz",
      "integrity": "sha512-Wgc+39fQBIP8fm9+Rq+Zt6+QLHZRsIKpaOQPL5KcWPlXTAalCKY4KCuklY7qzzZqBRF/t2APIrk+PuRw6ZlOog==",
      "requires": {
        "size-sensor": "^0.2.0"
      }
    },
    "jquery-pjax": {
      "version": "2.0.1",
      "resolved": "https://registry.npmjs.org/jquery-pjax/-/jquery-pjax-2.0.1.tgz",
      "integrity": "sha1-azoboW5kTmJL3P5y62s9lqhG9fI="
    },
    "size-sensor": {
      "version": "0.2.4",
      "resolved": "https://registry.npmjs.org/size-sensor/-/size-sensor-0.2.4.tgz",
      "integrity": "sha512-HClRjgxoco4IV3UaMYfzhP+xssA4bD/4bm8bFUH55K2AmjplwWlWZCFnSjkBoN35JdD1kKbOpyf9df+DZspdOA=="
    }
  }
}
